PODS:
  - Nimble (9.2.1)
  - Quick (3.0.0)

DEPENDENCIES:
  - Nimble (= 9.2.1)
  - Quick (= 3.0.0)

SPEC REPOS:
  trunk:
    - Nimble
    - Quick

SPEC CHECKSUMS:
  Nimble: e7e615c0335ee4bf5b0d786685451e62746117d5
  Quick: 6d9559f40647bc4d510103842ef2fdd882d753e2

PODFILE CHECKSUM: 47fedd9a39ca4cc852cb71d5b3b707e8c9643be6

COCOAPODS: 1.12.1
