// !$*UTF8*$!
{
	archiveVersion = 1;
	classes = {
	};
	objectVersion = 56;
	objects = {

/* Begin PBXBuildFile section */
		922649672AA2B67000009A5D /* AppDelegate.swift in Sources */ = {isa = PBXBuildFile; fileRef = 922649662AA2B67000009A5D /* AppDelegate.swift */; };
		922649692AA2B67000009A5D /* SceneDelegate.swift in Sources */ = {isa = PBXBuildFile; fileRef = 922649682AA2B67000009A5D /* SceneDelegate.swift */; };
		922649702AA2B67100009A5D /* Assets.xcassets in Resources */ = {isa = PBXBuildFile; fileRef = 9226496F2AA2B67100009A5D /* Assets.xcassets */; };
		922649732AA2B67100009A5D /* LaunchScreen.storyboard in Resources */ = {isa = PBXBuildFile; fileRef = 922649712AA2B67100009A5D /* LaunchScreen.storyboard */; };
		9226497B2AA2B83B00009A5D /* PokemonViewController.swift in Sources */ = {isa = PBXBuildFile; fileRef = 9226497A2AA2B83B00009A5D /* PokemonViewController.swift */; };
		9226497D2AA2BC0200009A5D /* PokemonModel.swift in Sources */ = {isa = PBXBuildFile; fileRef = 9226497C2AA2BC0200009A5D /* PokemonModel.swift */; };
		9226497F2AA2BEC000009A5D /* PokemonService.swift in Sources */ = {isa = PBXBuildFile; fileRef = 9226497E2AA2BEC000009A5D /* PokemonService.swift */; };
		922649812AA2CC3E00009A5D /* PokemonCell.swift in Sources */ = {isa = PBXBuildFile; fileRef = 922649802AA2CC3E00009A5D /* PokemonCell.swift */; };
		922995112AAA798700B60D68 /* PokemonViewModel.swift in Sources */ = {isa = PBXBuildFile; fileRef = 922995102AAA798700B60D68 /* PokemonViewModel.swift */; };
		922995152AAA941100B60D68 /* ExtensionDataSource.swift in Sources */ = {isa = PBXBuildFile; fileRef = 922995142AAA941100B60D68 /* ExtensionDataSource.swift */; };
		922995172AAA94C700B60D68 /* ExtensionsString.swift in Sources */ = {isa = PBXBuildFile; fileRef = 922995162AAA94C700B60D68 /* ExtensionsString.swift */; };
		92A51CB92AB3F82600AD8BB3 /* PokemonViewModelTests.swift in Sources */ = {isa = PBXBuildFile; fileRef = 92A51CB82AB3F82600AD8BB3 /* PokemonViewModelTests.swift */; };
/* End PBXBuildFile section */

/* Begin PBXContainerItemProxy section */
		92A51CB32AB3F77900AD8BB3 /* PBXContainerItemProxy */ = {
			isa = PBXContainerItemProxy;
			containerPortal = 9226495B2AA2B66F00009A5D /* Project object */;
			proxyType = 1;
			remoteGlobalIDString = 922649622AA2B66F00009A5D;
			remoteInfo = PokeApi;
		};
/* End PBXContainerItemProxy section */

/* Begin PBXFileReference section */
		922649632AA2B67000009A5D /* PokeApi.app */ = {isa = PBXFileReference; explicitFileType = wrapper.application; includeInIndex = 0; path = PokeApi.app; sourceTree = BUILT_PRODUCTS_DIR; };
		922649662AA2B67000009A5D /* AppDelegate.swift */ = {isa = PBXFileReference; lastKnownFileType = sourcecode.swift; path = AppDelegate.swift; sourceTree = "<group>"; };
		922649682AA2B67000009A5D /* SceneDelegate.swift */ = {isa = PBXFileReference; lastKnownFileType = sourcecode.swift; path = SceneDelegate.swift; sourceTree = "<group>"; };
		9226496F2AA2B67100009A5D /* Assets.xcassets */ = {isa = PBXFileReference; lastKnownFileType = folder.assetcatalog; path = Assets.xcassets; sourceTree = "<group>"; };
		922649722AA2B67100009A5D /* Base */ = {isa = PBXFileReference; lastKnownFileType = file.storyboard; name = Base; path = Base.lproj/LaunchScreen.storyboard; sourceTree = "<group>"; };
		922649742AA2B67100009A5D /* Info.plist */ = {isa = PBXFileReference; lastKnownFileType = text.plist.xml; path = Info.plist; sourceTree = "<group>"; };
		9226497A2AA2B83B00009A5D /* PokemonViewController.swift */ = {isa = PBXFileReference; lastKnownFileType = sourcecode.swift; path = PokemonViewController.swift; sourceTree = "<group>"; };
		9226497C2AA2BC0200009A5D /* PokemonModel.swift */ = {isa = PBXFileReference; lastKnownFileType = sourcecode.swift; path = PokemonModel.swift; sourceTree = "<group>"; };
		9226497E2AA2BEC000009A5D /* PokemonService.swift */ = {isa = PBXFileReference; lastKnownFileType = sourcecode.swift; path = PokemonService.swift; sourceTree = "<group>"; };
		922649802AA2CC3E00009A5D /* PokemonCell.swift */ = {isa = PBXFileReference; lastKnownFileType = sourcecode.swift; path = PokemonCell.swift; sourceTree = "<group>"; };
		922995102AAA798700B60D68 /* PokemonViewModel.swift */ = {isa = PBXFileReference; lastKnownFileType = sourcecode.swift; path = PokemonViewModel.swift; sourceTree = "<group>"; };
		922995142AAA941100B60D68 /* ExtensionDataSource.swift */ = {isa = PBXFileReference; lastKnownFileType = sourcecode.swift; path = ExtensionDataSource.swift; sourceTree = "<group>"; };
		922995162AAA94C700B60D68 /* ExtensionsString.swift */ = {isa = PBXFileReference; lastKnownFileType = sourcecode.swift; path = ExtensionsString.swift; sourceTree = "<group>"; };
		92A51CAF2AB3F77900AD8BB3 /* PokeApiTests.xctest */ = {isa = PBXFileReference; explicitFileType = wrapper.cfbundle; includeInIndex = 0; path = PokeApiTests.xctest; sourceTree = BUILT_PRODUCTS_DIR; };
		92A51CB82AB3F82600AD8BB3 /* PokemonViewModelTests.swift */ = {isa = PBXFileReference; lastKnownFileType = sourcecode.swift; path = PokemonViewModelTests.swift; sourceTree = "<group>"; };
/* End PBXFileReference section */

/* Begin PBXFrameworksBuildPhase section */
		922649602AA2B66F00009A5D /* Frameworks */ = {
			isa = PBXFrameworksBuildPhase;
			buildActionMask = 2147483647;
			files = (
			);
			runOnlyForDeploymentPostprocessing = 0;
		};
		92A51CAC2AB3F77900AD8BB3 /* Frameworks */ = {
			isa = PBXFrameworksBuildPhase;
			buildActionMask = 2147483647;
			files = (
			);
			runOnlyForDeploymentPostprocessing = 0;
		};
/* End PBXFrameworksBuildPhase section */

/* Begin PBXGroup section */
		9226495A2AA2B66F00009A5D = {
			isa = PBXGroup;
			children = (
				922649652AA2B67000009A5D /* PokeApi */,
				92A51CB02AB3F77900AD8BB3 /* PokeApiTests */,
				922649642AA2B67000009A5D /* Products */,
			);
			sourceTree = "<group>";
		};
		922649642AA2B67000009A5D /* Products */ = {
			isa = PBXGroup;
			children = (
				922649632AA2B67000009A5D /* PokeApi.app */,
				92A51CAF2AB3F77900AD8BB3 /* PokeApiTests.xctest */,
			);
			name = Products;
			sourceTree = "<group>";
		};
		922649652AA2B67000009A5D /* PokeApi */ = {
			isa = PBXGroup;
			children = (
				9229950C2AAA77FD00B60D68 /* MVVM */,
				922649712AA2B67100009A5D /* LaunchScreen.storyboard */,
				922649742AA2B67100009A5D /* Info.plist */,
			);
			path = PokeApi;
			sourceTree = "<group>";
		};
		9229950C2AAA77FD00B60D68 /* MVVM */ = {
			isa = PBXGroup;
			children = (
				9229950D2AAA781A00B60D68 /* View */,
				9229950F2AAA784C00B60D68 /* Model */,
				92AE2B0C2AA626C300F50C3D /* ViewModel */,
				922995192AAA956500B60D68 /* Service */,
				9229951B2AAA95C400B60D68 /* App */,
				9229951A2AAA95AD00B60D68 /* Resources */,
				922995182AAA955400B60D68 /* Extensions */,
			);
			path = MVVM;
			sourceTree = "<group>";
		};
		9229950D2AAA781A00B60D68 /* View */ = {
			isa = PBXGroup;
			children = (
				922649802AA2CC3E00009A5D /* PokemonCell.swift */,
				9226497A2AA2B83B00009A5D /* PokemonViewController.swift */,
				922995142AAA941100B60D68 /* ExtensionDataSource.swift */,
			);
			path = View;
			sourceTree = "<group>";
		};
		9229950F2AAA784C00B60D68 /* Model */ = {
			isa = PBXGroup;
			children = (
				9226497C2AA2BC0200009A5D /* PokemonModel.swift */,
			);
			path = Model;
			sourceTree = "<group>";
		};
		922995182AAA955400B60D68 /* Extensions */ = {
			isa = PBXGroup;
			children = (
				922995162AAA94C700B60D68 /* ExtensionsString.swift */,
			);
			path = Extensions;
			sourceTree = "<group>";
		};
		922995192AAA956500B60D68 /* Service */ = {
			isa = PBXGroup;
			children = (
				9226497E2AA2BEC000009A5D /* PokemonService.swift */,
			);
			path = Service;
			sourceTree = "<group>";
		};
		9229951A2AAA95AD00B60D68 /* Resources */ = {
			isa = PBXGroup;
			children = (
				9226496F2AA2B67100009A5D /* Assets.xcassets */,
			);
			path = Resources;
			sourceTree = "<group>";
		};
		9229951B2AAA95C400B60D68 /* App */ = {
			isa = PBXGroup;
			children = (
				922649682AA2B67000009A5D /* SceneDelegate.swift */,
				922649662AA2B67000009A5D /* AppDelegate.swift */,
			);
			path = App;
			sourceTree = "<group>";
		};
		92A51CB02AB3F77900AD8BB3 /* PokeApiTests */ = {
			isa = PBXGroup;
			children = (
				92A51CB82AB3F82600AD8BB3 /* PokemonViewModelTests.swift */,
			);
			path = PokeApiTests;
			sourceTree = "<group>";
		};
		92AE2B0C2AA626C300F50C3D /* ViewModel */ = {
			isa = PBXGroup;
			children = (
				922995102AAA798700B60D68 /* PokemonViewModel.swift */,
			);
			path = ViewModel;
			sourceTree = "<group>";
		};
/* End PBXGroup section */

/* Begin PBXNativeTarget section */
		922649622AA2B66F00009A5D /* PokeApi */ = {
			isa = PBXNativeTarget;
			buildConfigurationList = 922649772AA2B67100009A5D /* Build configuration list for PBXNativeTarget "PokeApi" */;
			buildPhases = (
				9226495F2AA2B66F00009A5D /* Sources */,
				922649602AA2B66F00009A5D /* Frameworks */,
				922649612AA2B66F00009A5D /* Resources */,
			);
			buildRules = (
			);
			dependencies = (
			);
			name = PokeApi;
			productName = PokeApi;
			productReference = 922649632AA2B67000009A5D /* PokeApi.app */;
			productType = "com.apple.product-type.application";
		};
		92A51CAE2AB3F77900AD8BB3 /* PokeApiTests */ = {
			isa = PBXNativeTarget;
			buildConfigurationList = 92A51CB72AB3F77900AD8BB3 /* Build configuration list for PBXNativeTarget "PokeApiTests" */;
			buildPhases = (
				92A51CAB2AB3F77900AD8BB3 /* Sources */,
				92A51CAC2AB3F77900AD8BB3 /* Frameworks */,
				92A51CAD2AB3F77900AD8BB3 /* Resources */,
			);
			buildRules = (
			);
			dependencies = (
				92A51CB42AB3F77900AD8BB3 /* PBXTargetDependency */,
			);
			name = PokeApiTests;
			productName = PokeApiTests;
			productReference = 92A51CAF2AB3F77900AD8BB3 /* PokeApiTests.xctest */;
			productType = "com.apple.product-type.bundle.unit-test";
		};
/* End PBXNativeTarget section */

/* Begin PBXProject section */
		9226495B2AA2B66F00009A5D /* Project object */ = {
			isa = PBXProject;
			attributes = {
				BuildIndependentTargetsInParallel = 1;
				LastSwiftUpdateCheck = 1430;
				LastUpgradeCheck = 1430;
				TargetAttributes = {
					922649622AA2B66F00009A5D = {
						CreatedOnToolsVersion = 14.3.1;
					};
					92A51CAE2AB3F77900AD8BB3 = {
						CreatedOnToolsVersion = 14.3.1;
						TestTargetID = 922649622AA2B66F00009A5D;
					};
				};
			};
			buildConfigurationList = 9226495E2AA2B66F00009A5D /* Build configuration list for PBXProject "PokeApi" */;
			compatibilityVersion = "Xcode 14.0";
			developmentRegion = en;
			hasScannedForEncodings = 0;
			knownRegions = (
				en,
				Base,
			);
			mainGroup = 9226495A2AA2B66F00009A5D;
			productRefGroup = 922649642AA2B67000009A5D /* Products */;
			projectDirPath = "";
			projectRoot = "";
			targets = (
				922649622AA2B66F00009A5D /* PokeApi */,
				92A51CAE2AB3F77900AD8BB3 /* PokeApiTests */,
			);
		};
/* End PBXProject section */

/* Begin PBXResourcesBuildPhase section */
		922649612AA2B66F00009A5D /* Resources */ = {
			isa = PBXResourcesBuildPhase;
			buildActionMask = 2147483647;
			files = (
				922649732AA2B67100009A5D /* LaunchScreen.storyboard in Resources */,
				922649702AA2B67100009A5D /* Assets.xcassets in Resources */,
			);
			runOnlyForDeploymentPostprocessing = 0;
		};
		92A51CAD2AB3F77900AD8BB3 /* Resources */ = {
			isa = PBXResourcesBuildPhase;
			buildActionMask = 2147483647;
			files = (
			);
			runOnlyForDeploymentPostprocessing = 0;
		};
/* End PBXResourcesBuildPhase section */

/* Begin PBXSourcesBuildPhase section */
		9226495F2AA2B66F00009A5D /* Sources */ = {
			isa = PBXSourcesBuildPhase;
			buildActionMask = 2147483647;
			files = (
				922995172AAA94C700B60D68 /* ExtensionsString.swift in Sources */,
				922649672AA2B67000009A5D /* AppDelegate.swift in Sources */,
				922649692AA2B67000009A5D /* SceneDelegate.swift in Sources */,
				9226497B2AA2B83B00009A5D /* PokemonViewController.swift in Sources */,
				922995112AAA798700B60D68 /* PokemonViewModel.swift in Sources */,
				9226497F2AA2BEC000009A5D /* PokemonService.swift in Sources */,
				9226497D2AA2BC0200009A5D /* PokemonModel.swift in Sources */,
				922995152AAA941100B60D68 /* ExtensionDataSource.swift in Sources */,
				922649812AA2CC3E00009A5D /* PokemonCell.swift in Sources */,
			);
			runOnlyForDeploymentPostprocessing = 0;
		};
		92A51CAB2AB3F77900AD8BB3 /* Sources */ = {
			isa = PBXSourcesBuildPhase;
			buildActionMask = 2147483647;
			files = (
				92A51CB92AB3F82600AD8BB3 /* PokemonViewModelTests.swift in Sources */,
			);
			runOnlyForDeploymentPostprocessing = 0;
		};
/* End PBXSourcesBuildPhase section */

/* Begin PBXTargetDependency section */
		92A51CB42AB3F77900AD8BB3 /* PBXTargetDependency */ = {
			isa = PBXTargetDependency;
			target = 922649622AA2B66F00009A5D /* PokeApi */;
			targetProxy = 92A51CB32AB3F77900AD8BB3 /* PBXContainerItemProxy */;
		};
/* End PBXTargetDependency section */

/* Begin PBXVariantGroup section */
		922649712AA2B67100009A5D /* LaunchScreen.storyboard */ = {
			isa = PBXVariantGroup;
			children = (
				922649722AA2B67100009A5D /* Base */,
			);
			name = LaunchScreen.storyboard;
			sourceTree = "<group>";
		};
/* End PBXVariantGroup section */

/* Begin XCBuildConfiguration section */
		922649752AA2B67100009A5D /* Debug */ = {
			isa = XCBuildConfiguration;
			buildSettings = {
				ALWAYS_SEARCH_USER_PATHS = NO;
				CLANG_ANALYZER_NONNULL = YES;
				CLANG_ANALYZER_NUMBER_OBJECT_CONVERSION = YES_AGGRESSIVE;
				CLANG_CXX_LANGUAGE_STANDARD = "gnu++20";
				CLANG_ENABLE_MODULES = YES;
				CLANG_ENABLE_OBJC_ARC = YES;
				CLANG_ENABLE_OBJC_WEAK = YES;
				CLANG_WARN_BLOCK_CAPTURE_AUTORELEASING = YES;
				CLANG_WARN_BOOL_CONVERSION = YES;
				CLANG_WARN_COMMA = YES;
				CLANG_WARN_CONSTANT_CONVERSION = YES;
				CLANG_WARN_DEPRECATED_OBJC_IMPLEMENTATIONS = YES;
				CLANG_WARN_DIRECT_OBJC_ISA_USAGE = YES_ERROR;
				CLANG_WARN_DOCUMENTATION_COMMENTS = YES;
				CLANG_WARN_EMPTY_BODY = YES;
				CLANG_WARN_ENUM_CONVERSION = YES;
				CLANG_WARN_INFINITE_RECURSION = YES;
				CLANG_WARN_INT_CONVERSION = YES;
				CLANG_WARN_NON_LITERAL_NULL_CONVERSION = YES;
				CLANG_WARN_OBJC_IMPLICIT_RETAIN_SELF = YES;
				CLANG_WARN_OBJC_LITERAL_CONVERSION = YES;
				CLANG_WARN_OBJC_ROOT_CLASS = YES_ERROR;
				CLANG_WARN_QUOTED_INCLUDE_IN_FRAMEWORK_HEADER = YES;
				CLANG_WARN_RANGE_LOOP_ANALYSIS = YES;
				CLANG_WARN_STRICT_PROTOTYPES = YES;
				CLANG_WARN_SUSPICIOUS_MOVE = YES;
				CLANG_WARN_UNGUARDED_AVAILABILITY = YES_AGGRESSIVE;
				CLANG_WARN_UNREACHABLE_CODE = YES;
				CLANG_WARN__DUPLICATE_METHOD_MATCH = YES;
				COPY_PHASE_STRIP = NO;
				DEBUG_INFORMATION_FORMAT = dwarf;
				ENABLE_STRICT_OBJC_MSGSEND = YES;
				ENABLE_TESTABILITY = YES;
				GCC_C_LANGUAGE_STANDARD = gnu11;
				GCC_DYNAMIC_NO_PIC = NO;
				GCC_NO_COMMON_BLOCKS = YES;
				GCC_OPTIMIZATION_LEVEL = 0;
				GCC_PREPROCESSOR_DEFINITIONS = (
					"DEBUG=1",
					"$(inherited)",
				);
				GCC_WARN_64_TO_32_BIT_CONVERSION = YES;
				GCC_WARN_ABOUT_RETURN_TYPE = YES_ERROR;
				GCC_WARN_UNDECLARED_SELECTOR = YES;
				GCC_WARN_UNINITIALIZED_AUTOS = YES_AGGRESSIVE;
				GCC_WARN_UNUSED_FUNCTION = YES;
				GCC_WARN_UNUSED_VARIABLE = YES;
				IPHONEOS_DEPLOYMENT_TARGET = 16.4;
				MTL_ENABLE_DEBUG_INFO = INCLUDE_SOURCE;
				MTL_FAST_MATH = YES;
				ONLY_ACTIVE_ARCH = YES;
				SDKROOT = iphoneos;
				SWIFT_ACTIVE_COMPILATION_CONDITIONS = DEBUG;
				SWIFT_OPTIMIZATION_LEVEL = "-Onone";
			};
			name = Debug;
		};
		922649762AA2B67100009A5D /* Release */ = {
			isa = XCBuildConfiguration;
			buildSettings = {
				ALWAYS_SEARCH_USER_PATHS = NO;
				CLANG_ANALYZER_NONNULL = YES;
				CLANG_ANALYZER_NUMBER_OBJECT_CONVERSION = YES_AGGRESSIVE;
				CLANG_CXX_LANGUAGE_STANDARD = "gnu++20";
				CLANG_ENABLE_MODULES = YES;
				CLANG_ENABLE_OBJC_ARC = YES;
				CLANG_ENABLE_OBJC_WEAK = YES;
				CLANG_WARN_BLOCK_CAPTURE_AUTORELEASING = YES;
				CLANG_WARN_BOOL_CONVERSION = YES;
				CLANG_WARN_COMMA = YES;
				CLANG_WARN_CONSTANT_CONVERSION = YES;
				CLANG_WARN_DEPRECATED_OBJC_IMPLEMENTATIONS = YES;
				CLANG_WARN_DIRECT_OBJC_ISA_USAGE = YES_ERROR;
				CLANG_WARN_DOCUMENTATION_COMMENTS = YES;
				CLANG_WARN_EMPTY_BODY = YES;
				CLANG_WARN_ENUM_CONVERSION = YES;
				CLANG_WARN_INFINITE_RECURSION = YES;
				CLANG_WARN_INT_CONVERSION = YES;
				CLANG_WARN_NON_LITERAL_NULL_CONVERSION = YES;
				CLANG_WARN_OBJC_IMPLICIT_RETAIN_SELF = YES;
				CLANG_WARN_OBJC_LITERAL_CONVERSION = YES;
				CLANG_WARN_OBJC_ROOT_CLASS = YES_ERROR;
				CLANG_WARN_QUOTED_INCLUDE_IN_FRAMEWORK_HEADER = YES;
				CLANG_WARN_RANGE_LOOP_ANALYSIS = YES;
				CLANG_WARN_STRICT_PROTOTYPES = YES;
				CLANG_WARN_SUSPICIOUS_MOVE = YES;
				CLANG_WARN_UNGUARDED_AVAILABILITY = YES_AGGRESSIVE;
				CLANG_WARN_UNREACHABLE_CODE = YES;
				CLANG_WARN__DUPLICATE_METHOD_MATCH = YES;
				COPY_PHASE_STRIP = NO;
				DEBUG_INFORMATION_FORMAT = "dwarf-with-dsym";
				ENABLE_NS_ASSERTIONS = NO;
				ENABLE_STRICT_OBJC_MSGSEND = YES;
				GCC_C_LANGUAGE_STANDARD = gnu11;
				GCC_NO_COMMON_BLOCKS = YES;
				GCC_WARN_64_TO_32_BIT_CONVERSION = YES;
				GCC_WARN_ABOUT_RETURN_TYPE = YES_ERROR;
				GCC_WARN_UNDECLARED_SELECTOR = YES;
				GCC_WARN_UNINITIALIZED_AUTOS = YES_AGGRESSIVE;
				GCC_WARN_UNUSED_FUNCTION = YES;
				GCC_WARN_UNUSED_VARIABLE = YES;
				IPHONEOS_DEPLOYMENT_TARGET = 16.4;
				MTL_ENABLE_DEBUG_INFO = NO;
				MTL_FAST_MATH = YES;
				SDKROOT = iphoneos;
				SWIFT_COMPILATION_MODE = wholemodule;
				SWIFT_OPTIMIZATION_LEVEL = "-O";
				VALIDATE_PRODUCT = YES;
			};
			name = Release;
		};
		922649782AA2B67100009A5D /* Debug */ = {
			isa = XCBuildConfiguration;
			buildSettings = {
				ASSETCATALOG_COMPILER_APPICON_NAME = AppIcon;
				ASSETCATALOG_COMPILER_GLOBAL_ACCENT_COLOR_NAME = AccentColor;
				CODE_SIGN_STYLE = Automatic;
				CURRENT_PROJECT_VERSION = 1;
				DEVELOPMENT_TEAM = YS36U3YS2Q;
				GENERATE_INFOPLIST_FILE = YES;
				INFOPLIST_FILE = PokeApi/Info.plist;
				INFOPLIST_KEY_UIApplicationSupportsIndirectInputEvents = YES;
				INFOPLIST_KEY_UILaunchStoryboardName = LaunchScreen;
				INFOPLIST_KEY_UISupportedInterfaceOrientations_iPad = "UIInterfaceOrientationPortrait UIInterfaceOrientationPortraitUpsideDown UIInterfaceOrientationLandscapeLeft UIInterfaceOrientationLandscapeRight";
				INFOPLIST_KEY_UISupportedInterfaceOrientations_iPhone = "UIInterfaceOrientationPortrait UIInterfaceOrientationLandscapeLeft UIInterfaceOrientationLandscapeRight";
				LD_RUNPATH_SEARCH_PATHS = (
					"$(inherited)",
					"@executable_path/Frameworks",
				);
				MARKETING_VERSION = 1.0;
				PRODUCT_BUNDLE_IDENTIFIER = com.fernandobelen.PokeApi;
				PRODUCT_NAME = "$(TARGET_NAME)";
				SWIFT_EMIT_LOC_STRINGS = YES;
				SWIFT_VERSION = 5.0;
				TARGETED_DEVICE_FAMILY = "1,2";
			};
			name = Debug;
		};
		922649792AA2B67100009A5D /* Release */ = {
			isa = XCBuildConfiguration;
			buildSettings = {
				ASSETCATALOG_COMPILER_APPICON_NAME = AppIcon;
				ASSETCATALOG_COMPILER_GLOBAL_ACCENT_COLOR_NAME = AccentColor;
				CODE_SIGN_STYLE = Automatic;
				CURRENT_PROJECT_VERSION = 1;
				DEVELOPMENT_TEAM = YS36U3YS2Q;
				GENERATE_INFOPLIST_FILE = YES;
				INFOPLIST_FILE = PokeApi/Info.plist;
				INFOPLIST_KEY_UIApplicationSupportsIndirectInputEvents = YES;
				INFOPLIST_KEY_UILaunchStoryboardName = LaunchScreen;
				INFOPLIST_KEY_UISupportedInterfaceOrientations_iPad = "UIInterfaceOrientationPortrait UIInterfaceOrientationPortraitUpsideDown UIInterfaceOrientationLandscapeLeft UIInterfaceOrientationLandscapeRight";
				INFOPLIST_KEY_UISupportedInterfaceOrientations_iPhone = "UIInterfaceOrientationPortrait UIInterfaceOrientationLandscapeLeft UIInterfaceOrientationLandscapeRight";
				LD_RUNPATH_SEARCH_PATHS = (
					"$(inherited)",
					"@executable_path/Frameworks",
				);
				MARKETING_VERSION = 1.0;
				PRODUCT_BUNDLE_IDENTIFIER = com.fernandobelen.PokeApi;
				PRODUCT_NAME = "$(TARGET_NAME)";
				SWIFT_EMIT_LOC_STRINGS = YES;
				SWIFT_VERSION = 5.0;
				TARGETED_DEVICE_FAMILY = "1,2";
			};
			name = Release;
		};
		92A51CB52AB3F77900AD8BB3 /* Debug */ = {
			isa = XCBuildConfiguration;
			buildSettings = {
				BUNDLE_LOADER = "$(TEST_HOST)";
				CODE_SIGN_STYLE = Automatic;
				CURRENT_PROJECT_VERSION = 1;
				DEVELOPMENT_TEAM = YS36U3YS2Q;
				GENERATE_INFOPLIST_FILE = YES;
				MARKETING_VERSION = 1.0;
				PRODUCT_BUNDLE_IDENTIFIER = com.fernandobelen.PokeApiTests;
				PRODUCT_NAME = "$(TARGET_NAME)";
				SWIFT_EMIT_LOC_STRINGS = NO;
				SWIFT_VERSION = 5.0;
				TARGETED_DEVICE_FAMILY = "1,2";
				TEST_HOST = "$(BUILT_PRODUCTS_DIR)/PokeApi.app/$(BUNDLE_EXECUTABLE_FOLDER_PATH)/PokeApi";
			};
			name = Debug;
		};
		92A51CB62AB3F77900AD8BB3 /* Release */ = {
			isa = XCBuildConfiguration;
			buildSettings = {
				BUNDLE_LOADER = "$(TEST_HOST)";
				CODE_SIGN_STYLE = Automatic;
				CURRENT_PROJECT_VERSION = 1;
				DEVELOPMENT_TEAM = YS36U3YS2Q;
				GENERATE_INFOPLIST_FILE = YES;
				MARKETING_VERSION = 1.0;
				PRODUCT_BUNDLE_IDENTIFIER = com.fernandobelen.PokeApiTests;
				PRODUCT_NAME = "$(TARGET_NAME)";
				SWIFT_EMIT_LOC_STRINGS = NO;
				SWIFT_VERSION = 5.0;
				TARGETED_DEVICE_FAMILY = "1,2";
				TEST_HOST = "$(BUILT_PRODUCTS_DIR)/PokeApi.app/$(BUNDLE_EXECUTABLE_FOLDER_PATH)/PokeApi";
			};
			name = Release;
		};
/* End XCBuildConfiguration section */

/* Begin XCConfigurationList section */
		9226495E2AA2B66F00009A5D /* Build configuration list for PBXProject "PokeApi" */ = {
			isa = XCConfigurationList;
			buildConfigurations = (
				922649752AA2B67100009A5D /* Debug */,
				922649762AA2B67100009A5D /* Release */,
			);
			defaultConfigurationIsVisible = 0;
			defaultConfigurationName = Release;
		};
		922649772AA2B67100009A5D /* Build configuration list for PBXNativeTarget "PokeApi" */ = {
			isa = XCConfigurationList;
			buildConfigurations = (
				922649782AA2B67100009A5D /* Debug */,
				922649792AA2B67100009A5D /* Release */,
			);
			defaultConfigurationIsVisible = 0;
			defaultConfigurationName = Release;
		};
		92A51CB72AB3F77900AD8BB3 /* Build configuration list for PBXNativeTarget "PokeApiTests" */ = {
			isa = XCConfigurationList;
			buildConfigurations = (
				92A51CB52AB3F77900AD8BB3 /* Debug */,
				92A51CB62AB3F77900AD8BB3 /* Release */,
			);
			defaultConfigurationIsVisible = 0;
			defaultConfigurationName = Release;
		};
/* End XCConfigurationList section */
	};
	rootObject = 9226495B2AA2B66F00009A5D /* Project object */;
}
